// !$*UTF8*$!
{
	archiveVersion = 1;
	classes = {
	};
	objectVersion = 56;
	objects = {

/* Begin PBXBuildFile section */
		A476E3E62B4400D800D7D4C1 /* RecruitPracticeApp.swift in Sources */ = {isa = PBXBuildFile; fileRef = A476E3E52B4400D800D7D4C1 /* RecruitPracticeApp.swift */; };
		A476E3E82B4400D800D7D4C1 /* ContentView.swift in Sources */ = {isa = PBXBuildFile; fileRef = A476E3E72B4400D800D7D4C1 /* ContentView.swift */; };
		A476E3EA2B4400DA00D7D4C1 /* Assets.xcassets in Resources */ = {isa = PBXBuildFile; fileRef = A476E3E92B4400DA00D7D4C1 /* Assets.xcassets */; };
		A476E3ED2B4400DA00D7D4C1 /* Preview Assets.xcassets in Resources */ = {isa = PBXBuildFile; fileRef = A476E3EC2B4400DA00D7D4C1 /* Preview Assets.xcassets */; };
		A476E3F72B4400DB00D7D4C1 /* RecruitPracticeTests.swift in Sources */ = {isa = PBXBuildFile; fileRef = A476E3F62B4400DB00D7D4C1 /* RecruitPracticeTests.swift */; };
		A476E4012B4400DB00D7D4C1 /* RecruitPracticeUITests.swift in Sources */ = {isa = PBXBuildFile; fileRef = A476E4002B4400DB00D7D4C1 /* RecruitPracticeUITests.swift */; };
		A476E4032B4400DB00D7D4C1 /* RecruitPracticeUITestsLaunchTests.swift in Sources */ = {isa = PBXBuildFile; fileRef = A476E4022B4400DB00D7D4C1 /* RecruitPracticeUITestsLaunchTests.swift */; };
		A476E4102B4431FC00D7D4C1 /* Color+.swift in Sources */ = {isa = PBXBuildFile; fileRef = A476E40F2B4431FC00D7D4C1 /* Color+.swift */; };
		A476E4122B4452DD00D7D4C1 /* ScalableImageView.swift in Sources */ = {isa = PBXBuildFile; fileRef = A476E4112B4452DD00D7D4C1 /* ScalableImageView.swift */; };
		A476E4142B4457D000D7D4C1 /* NotoSansJP-Bold.ttf in Resources */ = {isa = PBXBuildFile; fileRef = A476E4132B4457D000D7D4C1 /* NotoSansJP-Bold.ttf */; };
		A476E4162B4457E100D7D4C1 /* NotoSansJP-Regular.ttf in Resources */ = {isa = PBXBuildFile; fileRef = A476E4152B4457E100D7D4C1 /* NotoSansJP-Regular.ttf */; };
		A476E4192B44599400D7D4C1 /* Font+.swift in Sources */ = {isa = PBXBuildFile; fileRef = A476E4182B44599400D7D4C1 /* Font+.swift */; };
		A476E41B2B446B6300D7D4C1 /* Content.swift in Sources */ = {isa = PBXBuildFile; fileRef = A476E41A2B446B6300D7D4C1 /* Content.swift */; };
		A4D9FB262B4CE70600FD2F40 /* ColorImageButton.swift in Sources */ = {isa = PBXBuildFile; fileRef = A4D9FB252B4CE70600FD2F40 /* ColorImageButton.swift */; };
		A4D9FB282B4D57B100FD2F40 /* WhiteImageButton.swift in Sources */ = {isa = PBXBuildFile; fileRef = A4D9FB272B4D57B100FD2F40 /* WhiteImageButton.swift */; };
/* End PBXBuildFile section */

/* Begin PBXContainerItemProxy section */
		A476E3F32B4400DB00D7D4C1 /* PBXContainerItemProxy */ = {
			isa = PBXContainerItemProxy;
			containerPortal = A476E3DA2B4400D800D7D4C1 /* Project object */;
			proxyType = 1;
			remoteGlobalIDString = A476E3E12B4400D800D7D4C1;
			remoteInfo = RecruitPractice;
		};
		A476E3FD2B4400DB00D7D4C1 /* PBXContainerItemProxy */ = {
			isa = PBXContainerItemProxy;
			containerPortal = A476E3DA2B4400D800D7D4C1 /* Project object */;
			proxyType = 1;
			remoteGlobalIDString = A476E3E12B4400D800D7D4C1;
			remoteInfo = RecruitPractice;
		};
/* End PBXContainerItemProxy section */

/* Begin PBXFileReference section */
		A476E3E22B4400D800D7D4C1 /* RecruitPractice.app */ = {isa = PBXFileReference; explicitFileType = wrapper.application; includeInIndex = 0; path = RecruitPractice.app; sourceTree = BUILT_PRODUCTS_DIR; };
		A476E3E52B4400D800D7D4C1 /* RecruitPracticeApp.swift */ = {isa = PBXFileReference; lastKnownFileType = sourcecode.swift; path = RecruitPracticeApp.swift; sourceTree = "<group>"; };
		A476E3E72B4400D800D7D4C1 /* ContentView.swift */ = {isa = PBXFileReference; lastKnownFileType = sourcecode.swift; path = ContentView.swift; sourceTree = "<group>"; };
		A476E3E92B4400DA00D7D4C1 /* Assets.xcassets */ = {isa = PBXFileReference; lastKnownFileType = folder.assetcatalog; path = Assets.xcassets; sourceTree = "<group>"; };
		A476E3EC2B4400DA00D7D4C1 /* Preview Assets.xcassets */ = {isa = PBXFileReference; lastKnownFileType = folder.assetcatalog; path = "Preview Assets.xcassets"; sourceTree = "<group>"; };
		A476E3F22B4400DB00D7D4C1 /* RecruitPracticeTests.xctest */ = {isa = PBXFileReference; explicitFileType = wrapper.cfbundle; includeInIndex = 0; path = RecruitPracticeTests.xctest; sourceTree = BUILT_PRODUCTS_DIR; };
		A476E3F62B4400DB00D7D4C1 /* RecruitPracticeTests.swift */ = {isa = PBXFileReference; lastKnownFileType = sourcecode.swift; path = RecruitPracticeTests.swift; sourceTree = "<group>"; };
		A476E3FC2B4400DB00D7D4C1 /* RecruitPracticeUITests.xctest */ = {isa = PBXFileReference; explicitFileType = wrapper.cfbundle; includeInIndex = 0; path = RecruitPracticeUITests.xctest; sourceTree = BUILT_PRODUCTS_DIR; };
		A476E4002B4400DB00D7D4C1 /* RecruitPracticeUITests.swift */ = {isa = PBXFileReference; lastKnownFileType = sourcecode.swift; path = RecruitPracticeUITests.swift; sourceTree = "<group>"; };
		A476E4022B4400DB00D7D4C1 /* RecruitPracticeUITestsLaunchTests.swift */ = {isa = PBXFileReference; lastKnownFileType = sourcecode.swift; path = RecruitPracticeUITestsLaunchTests.swift; sourceTree = "<group>"; };
		A476E40F2B4431FC00D7D4C1 /* Color+.swift */ = {isa = PBXFileReference; lastKnownFileType = sourcecode.swift; path = "Color+.swift"; sourceTree = "<group>"; };
		A476E4112B4452DD00D7D4C1 /* ScalableImageView.swift */ = {isa = PBXFileReference; lastKnownFileType = sourcecode.swift; path = ScalableImageView.swift; sourceTree = "<group>"; };
		A476E4132B4457D000D7D4C1 /* NotoSansJP-Bold.ttf */ = {isa = PBXFileReference; lastKnownFileType = file; path = "NotoSansJP-Bold.ttf"; sourceTree = "<group>"; };
		A476E4152B4457E100D7D4C1 /* NotoSansJP-Regular.ttf */ = {isa = PBXFileReference; lastKnownFileType = file; path = "NotoSansJP-Regular.ttf"; sourceTree = "<group>"; };
		A476E4172B4458F100D7D4C1 /* Info.plist */ = {isa = PBXFileReference; lastKnownFileType = text.plist; path = Info.plist; sourceTree = "<group>"; };
		A476E4182B44599400D7D4C1 /* Font+.swift */ = {isa = PBXFileReference; lastKnownFileType = sourcecode.swift; path = "Font+.swift"; sourceTree = "<group>"; };
		A476E41A2B446B6300D7D4C1 /* Content.swift */ = {isa = PBXFileReference; lastKnownFileType = sourcecode.swift; path = Content.swift; sourceTree = "<group>"; };
		A4D9FB252B4CE70600FD2F40 /* ColorImageButton.swift */ = {isa = PBXFileReference; lastKnownFileType = sourcecode.swift; path = ColorImageButton.swift; sourceTree = "<group>"; };
		A4D9FB272B4D57B100FD2F40 /* WhiteImageButton.swift */ = {isa = PBXFileReference; lastKnownFileType = sourcecode.swift; path = WhiteImageButton.swift; sourceTree = "<group>"; };
/* End PBXFileReference section */

/* Begin PBXFrameworksBuildPhase section */
		A476E3DF2B4400D800D7D4C1 /* Frameworks */ = {
			isa = PBXFrameworksBuildPhase;
			buildActionMask = 2147483647;
			files = (
			);
			runOnlyForDeploymentPostprocessing = 0;
		};
		A476E3EF2B4400DB00D7D4C1 /* Frameworks */ = {
			isa = PBXFrameworksBuildPhase;
			buildActionMask = 2147483647;
			files = (
			);
			runOnlyForDeploymentPostprocessing = 0;
		};
		A476E3F92B4400DB00D7D4C1 /* Frameworks */ = {
			isa = PBXFrameworksBuildPhase;
			buildActionMask = 2147483647;
			files = (
			);
			runOnlyForDeploymentPostprocessing = 0;
		};
/* End PBXFrameworksBuildPhase section */

/* Begin PBXGroup section */
		A476E3D92B4400D800D7D4C1 = {
			isa = PBXGroup;
			children = (
				A476E3E42B4400D800D7D4C1 /* RecruitPractice */,
				A476E3F52B4400DB00D7D4C1 /* RecruitPracticeTests */,
				A476E3FF2B4400DB00D7D4C1 /* RecruitPracticeUITests */,
				A476E3E32B4400D800D7D4C1 /* Products */,
			);
			sourceTree = "<group>";
		};
		A476E3E32B4400D800D7D4C1 /* Products */ = {
			isa = PBXGroup;
			children = (
				A476E3E22B4400D800D7D4C1 /* RecruitPractice.app */,
				A476E3F22B4400DB00D7D4C1 /* RecruitPracticeTests.xctest */,
				A476E3FC2B4400DB00D7D4C1 /* RecruitPracticeUITests.xctest */,
			);
			name = Products;
			sourceTree = "<group>";
		};
		A476E3E42B4400D800D7D4C1 /* RecruitPractice */ = {
			isa = PBXGroup;
			children = (
				A476E4172B4458F100D7D4C1 /* Info.plist */,
				A476E4152B4457E100D7D4C1 /* NotoSansJP-Regular.ttf */,
				A476E4132B4457D000D7D4C1 /* NotoSansJP-Bold.ttf */,
				A476E3E52B4400D800D7D4C1 /* RecruitPracticeApp.swift */,
				A476E3E72B4400D800D7D4C1 /* ContentView.swift */,
				A4D9FB252B4CE70600FD2F40 /* ColorImageButton.swift */,
				A4D9FB272B4D57B100FD2F40 /* WhiteImageButton.swift */,
				A476E41A2B446B6300D7D4C1 /* Content.swift */,
				A476E4112B4452DD00D7D4C1 /* ScalableImageView.swift */,
				A476E3E92B4400DA00D7D4C1 /* Assets.xcassets */,
				A476E3EB2B4400DA00D7D4C1 /* Preview Content */,
				A476E40F2B4431FC00D7D4C1 /* Color+.swift */,
				A476E4182B44599400D7D4C1 /* Font+.swift */,
			);
			path = RecruitPractice;
			sourceTree = "<group>";
		};
		A476E3EB2B4400DA00D7D4C1 /* Preview Content */ = {
			isa = PBXGroup;
			children = (
				A476E3EC2B4400DA00D7D4C1 /* Preview Assets.xcassets */,
			);
			path = "Preview Content";
			sourceTree = "<group>";
		};
		A476E3F52B4400DB00D7D4C1 /* RecruitPracticeTests */ = {
			isa = PBXGroup;
			children = (
				A476E3F62B4400DB00D7D4C1 /* RecruitPracticeTests.swift */,
			);
			path = RecruitPracticeTests;
			sourceTree = "<group>";
		};
		A476E3FF2B4400DB00D7D4C1 /* RecruitPracticeUITests */ = {
			isa = PBXGroup;
			children = (
				A476E4002B4400DB00D7D4C1 /* RecruitPracticeUITests.swift */,
				A476E4022B4400DB00D7D4C1 /* RecruitPracticeUITestsLaunchTests.swift */,
			);
			path = RecruitPracticeUITests;
			sourceTree = "<group>";
		};
/* End PBXGroup section */

/* Begin PBXNativeTarget section */
		A476E3E12B4400D800D7D4C1 /* RecruitPractice */ = {
			isa = PBXNativeTarget;
			buildConfigurationList = A476E4062B4400DB00D7D4C1 /* Build configuration list for PBXNativeTarget "RecruitPractice" */;
			buildPhases = (
				A476E3DE2B4400D800D7D4C1 /* Sources */,
				A476E3DF2B4400D800D7D4C1 /* Frameworks */,
				A476E3E02B4400D800D7D4C1 /* Resources */,
			);
			buildRules = (
			);
			dependencies = (
			);
			name = RecruitPractice;
			productName = RecruitPractice;
			productReference = A476E3E22B4400D800D7D4C1 /* RecruitPractice.app */;
			productType = "com.apple.product-type.application";
		};
		A476E3F12B4400DB00D7D4C1 /* RecruitPracticeTests */ = {
			isa = PBXNativeTarget;
			buildConfigurationList = A476E4092B4400DB00D7D4C1 /* Build configuration list for PBXNativeTarget "RecruitPracticeTests" */;
			buildPhases = (
				A476E3EE2B4400DB00D7D4C1 /* Sources */,
				A476E3EF2B4400DB00D7D4C1 /* Frameworks */,
				A476E3F02B4400DB00D7D4C1 /* Resources */,
			);
			buildRules = (
			);
			dependencies = (
				A476E3F42B4400DB00D7D4C1 /* PBXTargetDependency */,
			);
			name = RecruitPracticeTests;
			productName = RecruitPracticeTests;
			productReference = A476E3F22B4400DB00D7D4C1 /* RecruitPracticeTests.xctest */;
			productType = "com.apple.product-type.bundle.unit-test";
		};
		A476E3FB2B4400DB00D7D4C1 /* RecruitPracticeUITests */ = {
			isa = PBXNativeTarget;
			buildConfigurationList = A476E40C2B4400DB00D7D4C1 /* Build configuration list for PBXNativeTarget "RecruitPracticeUITests" */;
			buildPhases = (
				A476E3F82B4400DB00D7D4C1 /* Sources */,
				A476E3F92B4400DB00D7D4C1 /* Frameworks */,
				A476E3FA2B4400DB00D7D4C1 /* Resources */,
			);
			buildRules = (
			);
			dependencies = (
				A476E3FE2B4400DB00D7D4C1 /* PBXTargetDependency */,
			);
			name = RecruitPracticeUITests;
			productName = RecruitPracticeUITests;
			productReference = A476E3FC2B4400DB00D7D4C1 /* RecruitPracticeUITests.xctest */;
			productType = "com.apple.product-type.bundle.ui-testing";
		};
/* End PBXNativeTarget section */

/* Begin PBXProject section */
		A476E3DA2B4400D800D7D4C1 /* Project object */ = {
			isa = PBXProject;
			attributes = {
				BuildIndependentTargetsInParallel = 1;
				LastSwiftUpdateCheck = 1500;
				LastUpgradeCheck = 1500;
				TargetAttributes = {
					A476E3E12B4400D800D7D4C1 = {
						CreatedOnToolsVersion = 15.0.1;
					};
					A476E3F12B4400DB00D7D4C1 = {
						CreatedOnToolsVersion = 15.0.1;
						TestTargetID = A476E3E12B4400D800D7D4C1;
					};
					A476E3FB2B4400DB00D7D4C1 = {
						CreatedOnToolsVersion = 15.0.1;
						TestTargetID = A476E3E12B4400D800D7D4C1;
					};
				};
			};
			buildConfigurationList = A476E3DD2B4400D800D7D4C1 /* Build configuration list for PBXProject "RecruitPractice" */;
			compatibilityVersion = "Xcode 14.0";
			developmentRegion = en;
			hasScannedForEncodings = 0;
			knownRegions = (
				en,
				Base,
			);
			mainGroup = A476E3D92B4400D800D7D4C1;
			productRefGroup = A476E3E32B4400D800D7D4C1 /* Products */;
			projectDirPath = "";
			projectRoot = "";
			targets = (
				A476E3E12B4400D800D7D4C1 /* RecruitPractice */,
				A476E3F12B4400DB00D7D4C1 /* RecruitPracticeTests */,
				A476E3FB2B4400DB00D7D4C1 /* RecruitPracticeUITests */,
			);
		};
/* End PBXProject section */

/* Begin PBXResourcesBuildPhase section */
		A476E3E02B4400D800D7D4C1 /* Resources */ = {
			isa = PBXResourcesBuildPhase;
			buildActionMask = 2147483647;
			files = (
				A476E4162B4457E100D7D4C1 /* NotoSansJP-Regular.ttf in Resources */,
				A476E3ED2B4400DA00D7D4C1 /* Preview Assets.xcassets in Resources */,
				A476E4142B4457D000D7D4C1 /* NotoSansJP-Bold.ttf in Resources */,
				A476E3EA2B4400DA00D7D4C1 /* Assets.xcassets in Resources */,
			);
			runOnlyForDeploymentPostprocessing = 0;
		};
		A476E3F02B4400DB00D7D4C1 /* Resources */ = {
			isa = PBXResourcesBuildPhase;
			buildActionMask = 2147483647;
			files = (
			);
			runOnlyForDeploymentPostprocessing = 0;
		};
		A476E3FA2B4400DB00D7D4C1 /* Resources */ = {
			isa = PBXResourcesBuildPhase;
			buildActionMask = 2147483647;
			files = (
			);
			runOnlyForDeploymentPostprocessing = 0;
		};
/* End PBXResourcesBuildPhase section */

/* Begin PBXSourcesBuildPhase section */
		A476E3DE2B4400D800D7D4C1 /* Sources */ = {
			isa = PBXSourcesBuildPhase;
			buildActionMask = 2147483647;
			files = (
				A476E3E82B4400D800D7D4C1 /* ContentView.swift in Sources */,
				A4D9FB282B4D57B100FD2F40 /* WhiteImageButton.swift in Sources */,
				A476E4192B44599400D7D4C1 /* Font+.swift in Sources */,
				A476E4102B4431FC00D7D4C1 /* Color+.swift in Sources */,
				A476E41B2B446B6300D7D4C1 /* Content.swift in Sources */,
				A4D9FB262B4CE70600FD2F40 /* ColorImageButton.swift in Sources */,
				A476E3E62B4400D800D7D4C1 /* RecruitPracticeApp.swift in Sources */,
				A476E4122B4452DD00D7D4C1 /* ScalableImageView.swift in Sources */,
			);
			runOnlyForDeploymentPostprocessing = 0;
		};
		A476E3EE2B4400DB00D7D4C1 /* Sources */ = {
			isa = PBXSourcesBuildPhase;
			buildActionMask = 2147483647;
			files = (
				A476E3F72B4400DB00D7D4C1 /* RecruitPracticeTests.swift in Sources */,
			);
			runOnlyForDeploymentPostprocessing = 0;
		};
		A476E3F82B4400DB00D7D4C1 /* Sources */ = {
			isa = PBXSourcesBuildPhase;
			buildActionMask = 2147483647;
			files = (
				A476E4032B4400DB00D7D4C1 /* RecruitPracticeUITestsLaunchTests.swift in Sources */,
				A476E4012B4400DB00D7D4C1 /* RecruitPracticeUITests.swift in Sources */,
			);
			runOnlyForDeploymentPostprocessing = 0;
		};
/* End PBXSourcesBuildPhase section */

/* Begin PBXTargetDependency section */
		A476E3F42B4400DB00D7D4C1 /* PBXTargetDependency */ = {
			isa = PBXTargetDependency;
			target = A476E3E12B4400D800D7D4C1 /* RecruitPractice */;
			targetProxy = A476E3F32B4400DB00D7D4C1 /* PBXContainerItemProxy */;
		};
		A476E3FE2B4400DB00D7D4C1 /* PBXTargetDependency */ = {
			isa = PBXTargetDependency;
			target = A476E3E12B4400D800D7D4C1 /* RecruitPractice */;
			targetProxy = A476E3FD2B4400DB00D7D4C1 /* PBXContainerItemProxy */;
		};
/* End PBXTargetDependency section */

/* Begin XCBuildConfiguration section */
		A476E4042B4400DB00D7D4C1 /* Debug */ = {
			isa = XCBuildConfiguration;
			buildSettings = {
				ALWAYS_SEARCH_USER_PATHS = NO;
				ASSETCATALOG_COMPILER_GENERATE_SWIFT_ASSET_SYMBOL_EXTENSIONS = YES;
				CLANG_ANALYZER_NONNULL = YES;
				CLANG_ANALYZER_NUMBER_OBJECT_CONVERSION = YES_AGGRESSIVE;
				CLANG_CXX_LANGUAGE_STANDARD = "gnu++20";
				CLANG_ENABLE_MODULES = YES;
				CLANG_ENABLE_OBJC_ARC = YES;
				CLANG_ENABLE_OBJC_WEAK = YES;
				CLANG_WARN_BLOCK_CAPTURE_AUTORELEASING = YES;
				CLANG_WARN_BOOL_CONVERSION = YES;
				CLANG_WARN_COMMA = YES;
				CLANG_WARN_CONSTANT_CONVERSION = YES;
				CLANG_WARN_DEPRECATED_OBJC_IMPLEMENTATIONS = YES;
				CLANG_WARN_DIRECT_OBJC_ISA_USAGE = YES_ERROR;
				CLANG_WARN_DOCUMENTATION_COMMENTS = YES;
				CLANG_WARN_EMPTY_BODY = YES;
				CLANG_WARN_ENUM_CONVERSION = YES;
				CLANG_WARN_INFINITE_RECURSION = YES;
				CLANG_WARN_INT_CONVERSION = YES;
				CLANG_WARN_NON_LITERAL_NULL_CONVERSION = YES;
				CLANG_WARN_OBJC_IMPLICIT_RETAIN_SELF = YES;
				CLANG_WARN_OBJC_LITERAL_CONVERSION = YES;
				CLANG_WARN_OBJC_ROOT_CLASS = YES_ERROR;
				CLANG_WARN_QUOTED_INCLUDE_IN_FRAMEWORK_HEADER = YES;
				CLANG_WARN_RANGE_LOOP_ANALYSIS = YES;
				CLANG_WARN_STRICT_PROTOTYPES = YES;
				CLANG_WARN_SUSPICIOUS_MOVE = YES;
				CLANG_WARN_UNGUARDED_AVAILABILITY = YES_AGGRESSIVE;
				CLANG_WARN_UNREACHABLE_CODE = YES;
				CLANG_WARN__DUPLICATE_METHOD_MATCH = YES;
				COPY_PHASE_STRIP = NO;
				DEBUG_INFORMATION_FORMAT = dwarf;
				ENABLE_STRICT_OBJC_MSGSEND = YES;
				ENABLE_TESTABILITY = YES;
				ENABLE_USER_SCRIPT_SANDBOXING = YES;
				GCC_C_LANGUAGE_STANDARD = gnu17;
				GCC_DYNAMIC_NO_PIC = NO;
				GCC_NO_COMMON_BLOCKS = YES;
				GCC_OPTIMIZATION_LEVEL = 0;
				GCC_PREPROCESSOR_DEFINITIONS = (
					"DEBUG=1",
					"$(inherited)",
				);
				GCC_WARN_64_TO_32_BIT_CONVERSION = YES;
				GCC_WARN_ABOUT_RETURN_TYPE = YES_ERROR;
				GCC_WARN_UNDECLARED_SELECTOR = YES;
				GCC_WARN_UNINITIALIZED_AUTOS = YES_AGGRESSIVE;
				GCC_WARN_UNUSED_FUNCTION = YES;
				GCC_WARN_UNUSED_VARIABLE = YES;
				IPHONEOS_DEPLOYMENT_TARGET = 15.0;
				LOCALIZATION_PREFERS_STRING_CATALOGS = YES;
				MTL_ENABLE_DEBUG_INFO = INCLUDE_SOURCE;
				MTL_FAST_MATH = YES;
				ONLY_ACTIVE_ARCH = YES;
				SDKROOT = iphoneos;
				SWIFT_ACTIVE_COMPILATION_CONDITIONS = "DEBUG $(inherited)";
				SWIFT_OPTIMIZATION_LEVEL = "-Onone";
			};
			name = Debug;
		};
		A476E4052B4400DB00D7D4C1 /* Release */ = {
			isa = XCBuildConfiguration;
			buildSettings = {
				ALWAYS_SEARCH_USER_PATHS = NO;
				ASSETCATALOG_COMPILER_GENERATE_SWIFT_ASSET_SYMBOL_EXTENSIONS = YES;
				CLANG_ANALYZER_NONNULL = YES;
				CLANG_ANALYZER_NUMBER_OBJECT_CONVERSION = YES_AGGRESSIVE;
				CLANG_CXX_LANGUAGE_STANDARD = "gnu++20";
				CLANG_ENABLE_MODULES = YES;
				CLANG_ENABLE_OBJC_ARC = YES;
				CLANG_ENABLE_OBJC_WEAK = YES;
				CLANG_WARN_BLOCK_CAPTURE_AUTORELEASING = YES;
				CLANG_WARN_BOOL_CONVERSION = YES;
				CLANG_WARN_COMMA = YES;
				CLANG_WARN_CONSTANT_CONVERSION = YES;
				CLANG_WARN_DEPRECATED_OBJC_IMPLEMENTATIONS = YES;
				CLANG_WARN_DIRECT_OBJC_ISA_USAGE = YES_ERROR;
				CLANG_WARN_DOCUMENTATION_COMMENTS = YES;
				CLANG_WARN_EMPTY_BODY = YES;
				CLANG_WARN_ENUM_CONVERSION = YES;
				CLANG_WARN_INFINITE_RECURSION = YES;
				CLANG_WARN_INT_CONVERSION = YES;
				CLANG_WARN_NON_LITERAL_NULL_CONVERSION = YES;
				CLANG_WARN_OBJC_IMPLICIT_RETAIN_SELF = YES;
				CLANG_WARN_OBJC_LITERAL_CONVERSION = YES;
				CLANG_WARN_OBJC_ROOT_CLASS = YES_ERROR;
				CLANG_WARN_QUOTED_INCLUDE_IN_FRAMEWORK_HEADER = YES;
				CLANG_WARN_RANGE_LOOP_ANALYSIS = YES;
				CLANG_WARN_STRICT_PROTOTYPES = YES;
				CLANG_WARN_SUSPICIOUS_MOVE = YES;
				CLANG_WARN_UNGUARDED_AVAILABILITY = YES_AGGRESSIVE;
				CLANG_WARN_UNREACHABLE_CODE = YES;
				CLANG_WARN__DUPLICATE_METHOD_MATCH = YES;
				COPY_PHASE_STRIP = NO;
				DEBUG_INFORMATION_FORMAT = "dwarf-with-dsym";
				ENABLE_NS_ASSERTIONS = NO;
				ENABLE_STRICT_OBJC_MSGSEND = YES;
				ENABLE_USER_SCRIPT_SANDBOXING = YES;
				GCC_C_LANGUAGE_STANDARD = gnu17;
				GCC_NO_COMMON_BLOCKS = YES;
				GCC_WARN_64_TO_32_BIT_CONVERSION = YES;
				GCC_WARN_ABOUT_RETURN_TYPE = YES_ERROR;
				GCC_WARN_UNDECLARED_SELECTOR = YES;
				GCC_WARN_UNINITIALIZED_AUTOS = YES_AGGRESSIVE;
				GCC_WARN_UNUSED_FUNCTION = YES;
				GCC_WARN_UNUSED_VARIABLE = YES;
				IPHONEOS_DEPLOYMENT_TARGET = 15.0;
				LOCALIZATION_PREFERS_STRING_CATALOGS = YES;
				MTL_ENABLE_DEBUG_INFO = NO;
				MTL_FAST_MATH = YES;
				SDKROOT = iphoneos;
				SWIFT_COMPILATION_MODE = wholemodule;
				VALIDATE_PRODUCT = YES;
			};
			name = Release;
		};
		A476E4072B4400DB00D7D4C1 /* Debug */ = {
			isa = XCBuildConfiguration;
			buildSettings = {
				ASSETCATALOG_COMPILER_APPICON_NAME = AppIcon;
				ASSETCATALOG_COMPILER_GLOBAL_ACCENT_COLOR_NAME = AccentColor;
				CODE_SIGN_STYLE = Automatic;
				CURRENT_PROJECT_VERSION = 1;
				DEVELOPMENT_ASSET_PATHS = "\"RecruitPractice/Preview Content\"";
				DEVELOPMENT_TEAM = 8HSC6WJMH6;
				ENABLE_PREVIEWS = YES;
				GENERATE_INFOPLIST_FILE = YES;
				INFOPLIST_FILE = RecruitPractice/Info.plist;
				INFOPLIST_KEY_UIApplicationSceneManifest_Generation = YES;
				INFOPLIST_KEY_UIApplicationSupportsIndirectInputEvents = YES;
				INFOPLIST_KEY_UILaunchScreen_Generation = YES;
				INFOPLIST_KEY_UISupportedInterfaceOrientations_iPad = "UIInterfaceOrientationPortrait UIInterfaceOrientationPortraitUpsideDown UIInterfaceOrientationLandscapeLeft UIInterfaceOrientationLandscapeRight";
				INFOPLIST_KEY_UISupportedInterfaceOrientations_iPhone = "UIInterfaceOrientationPortrait UIInterfaceOrientationLandscapeLeft UIInterfaceOrientationLandscapeRight";
				IPHONEOS_DEPLOYMENT_TARGET = 15.0;
				LD_RUNPATH_SEARCH_PATHS = (
					"$(inherited)",
					"@executable_path/Frameworks",
				);
				MARKETING_VERSION = 1.0;
				PRODUCT_BUNDLE_IDENTIFIER = jp.techacademy.kazuma.miura2.RecruitPractice;
				PRODUCT_NAME = "$(TARGET_NAME)";
				SWIFT_EMIT_LOC_STRINGS = YES;
				SWIFT_VERSION = 5.0;
				TARGETED_DEVICE_FAMILY = "1,2";
			};
			name = Debug;
		};
		A476E4082B4400DB00D7D4C1 /* Release */ = {
			isa = XCBuildConfiguration;
			buildSettings = {
				ASSETCATALOG_COMPILER_APPICON_NAME = AppIcon;
				ASSETCATALOG_COMPILER_GLOBAL_ACCENT_COLOR_NAME = AccentColor;
				CODE_SIGN_STYLE = Automatic;
				CURRENT_PROJECT_VERSION = 1;
				DEVELOPMENT_ASSET_PATHS = "\"RecruitPractice/Preview Content\"";
				DEVELOPMENT_TEAM = 8HSC6WJMH6;
				ENABLE_PREVIEWS = YES;
				GENERATE_INFOPLIST_FILE = YES;
				INFOPLIST_FILE = RecruitPractice/Info.plist;
				INFOPLIST_KEY_UIApplicationSceneManifest_Generation = YES;
				INFOPLIST_KEY_UIApplicationSupportsIndirectInputEvents = YES;
				INFOPLIST_KEY_UILaunchScreen_Generation = YES;
				INFOPLIST_KEY_UISupportedInterfaceOrientations_iPad = "UIInterfaceOrientationPortrait UIInterfaceOrientationPortraitUpsideDown UIInterfaceOrientationLandscapeLeft UIInterfaceOrientationLandscapeRight";
				INFOPLIST_KEY_UISupportedInterfaceOrientations_iPhone = "UIInterfaceOrientationPortrait UIInterfaceOrientationLandscapeLeft UIInterfaceOrientationLandscapeRight";
				IPHONEOS_DEPLOYMENT_TARGET = 15.0;
				LD_RUNPATH_SEARCH_PATHS = (
					"$(inherited)",
					"@executable_path/Frameworks",
				);
				MARKETING_VERSION = 1.0;
				PRODUCT_BUNDLE_IDENTIFIER = jp.techacademy.kazuma.miura2.RecruitPractice;
				PRODUCT_NAME = "$(TARGET_NAME)";
				SWIFT_EMIT_LOC_STRINGS = YES;
				SWIFT_VERSION = 5.0;
				TARGETED_DEVICE_FAMILY = "1,2";
			};
			name = Release;
		};
		A476E40A2B4400DB00D7D4C1 /* Debug */ = {
			isa = XCBuildConfiguration;
			buildSettings = {
				ALWAYS_EMBED_SWIFT_STANDARD_LIBRARIES = YES;
				BUNDLE_LOADER = "$(TEST_HOST)";
				CODE_SIGN_STYLE = Automatic;
				CURRENT_PROJECT_VERSION = 1;
				DEVELOPMENT_TEAM = 8HSC6WJMH6;
				GENERATE_INFOPLIST_FILE = YES;
				IPHONEOS_DEPLOYMENT_TARGET = 17.0;
				MARKETING_VERSION = 1.0;
				PRODUCT_BUNDLE_IDENTIFIER = jp.techacademy.kazuma.miura2.RecruitPracticeTests;
				PRODUCT_NAME = "$(TARGET_NAME)";
				SWIFT_EMIT_LOC_STRINGS = NO;
				SWIFT_VERSION = 5.0;
				TARGETED_DEVICE_FAMILY = "1,2";
				TEST_HOST = "$(BUILT_PRODUCTS_DIR)/RecruitPractice.app/$(BUNDLE_EXECUTABLE_FOLDER_PATH)/RecruitPractice";
			};
			name = Debug;
		};
		A476E40B2B4400DB00D7D4C1 /* Release */ = {
			isa = XCBuildConfiguration;
			buildSettings = {
				ALWAYS_EMBED_SWIFT_STANDARD_LIBRARIES = YES;
				BUNDLE_LOADER = "$(TEST_HOST)";
				CODE_SIGN_STYLE = Automatic;
				CURRENT_PROJECT_VERSION = 1;
				DEVELOPMENT_TEAM = 8HSC6WJMH6;
				GENERATE_INFOPLIST_FILE = YES;
				IPHONEOS_DEPLOYMENT_TARGET = 17.0;
				MARKETING_VERSION = 1.0;
				PRODUCT_BUNDLE_IDENTIFIER = jp.techacademy.kazuma.miura2.RecruitPracticeTests;
				PRODUCT_NAME = "$(TARGET_NAME)";
				SWIFT_EMIT_LOC_STRINGS = NO;
				SWIFT_VERSION = 5.0;
				TARGETED_DEVICE_FAMILY = "1,2";
				TEST_HOST = "$(BUILT_PRODUCTS_DIR)/RecruitPractice.app/$(BUNDLE_EXECUTABLE_FOLDER_PATH)/RecruitPractice";
			};
			name = Release;
		};
		A476E40D2B4400DB00D7D4C1 /* Debug */ = {
			isa = XCBuildConfiguration;
			buildSettings = {
				ALWAYS_EMBED_SWIFT_STANDARD_LIBRARIES = YES;
				CODE_SIGN_STYLE = Automatic;
				CURRENT_PROJECT_VERSION = 1;
				DEVELOPMENT_TEAM = 8HSC6WJMH6;
				GENERATE_INFOPLIST_FILE = YES;
				MARKETING_VERSION = 1.0;
				PRODUCT_BUNDLE_IDENTIFIER = jp.techacademy.kazuma.miura2.RecruitPracticeUITests;
				PRODUCT_NAME = "$(TARGET_NAME)";
				SWIFT_EMIT_LOC_STRINGS = NO;
				SWIFT_VERSION = 5.0;
				TARGETED_DEVICE_FAMILY = "1,2";
				TEST_TARGET_NAME = RecruitPractice;
			};
			name = Debug;
		};
		A476E40E2B4400DB00D7D4C1 /* Release */ = {
			isa = XCBuildConfiguration;
			buildSettings = {
				ALWAYS_EMBED_SWIFT_STANDARD_LIBRARIES = YES;
				CODE_SIGN_STYLE = Automatic;
				CURRENT_PROJECT_VERSION = 1;
				DEVELOPMENT_TEAM = 8HSC6WJMH6;
				GENERATE_INFOPLIST_FILE = YES;
				MARKETING_VERSION = 1.0;
				PRODUCT_BUNDLE_IDENTIFIER = jp.techacademy.kazuma.miura2.RecruitPracticeUITests;
				PRODUCT_NAME = "$(TARGET_NAME)";
				SWIFT_EMIT_LOC_STRINGS = NO;
				SWIFT_VERSION = 5.0;
				TARGETED_DEVICE_FAMILY = "1,2";
				TEST_TARGET_NAME = RecruitPractice;
			};
			name = Release;
		};
/* End XCBuildConfiguration section */

/* Begin XCConfigurationList section */
		A476E3DD2B4400D800D7D4C1 /* Build configuration list for PBXProject "RecruitPractice" */ = {
			isa = XCConfigurationList;
			buildConfigurations = (
				A476E4042B4400DB00D7D4C1 /* Debug */,
				A476E4052B4400DB00D7D4C1 /* Release */,
			);
			defaultConfigurationIsVisible = 0;
			defaultConfigurationName = Release;
		};
		A476E4062B4400DB00D7D4C1 /* Build configuration list for PBXNativeTarget "RecruitPractice" */ = {
			isa = XCConfigurationList;
			buildConfigurations = (
				A476E4072B4400DB00D7D4C1 /* Debug */,
				A476E4082B4400DB00D7D4C1 /* Release */,
			);
			defaultConfigurationIsVisible = 0;
			defaultConfigurationName = Release;
		};
		A476E4092B4400DB00D7D4C1 /* Build configuration list for PBXNativeTarget "RecruitPracticeTests" */ = {
			isa = XCConfigurationList;
			buildConfigurations = (
				A476E40A2B4400DB00D7D4C1 /* Debug */,
				A476E40B2B4400DB00D7D4C1 /* Release */,
			);
			defaultConfigurationIsVisible = 0;
			defaultConfigurationName = Release;
		};
		A476E40C2B4400DB00D7D4C1 /* Build configuration list for PBXNativeTarget "RecruitPracticeUITests" */ = {
			isa = XCConfigurationList;
			buildConfigurations = (
				A476E40D2B4400DB00D7D4C1 /* Debug */,
				A476E40E2B4400DB00D7D4C1 /* Release */,
			);
			defaultConfigurationIsVisible = 0;
			defaultConfigurationName = Release;
		};
/* End XCConfigurationList section */
	};
	rootObject = A476E3DA2B4400D800D7D4C1 /* Project object */;
}
